
Microsoft Visual Studio Solution File, Format Version 12.00
# Visual Studio Version 17
VisualStudioVersion = 17.0.31903.59
MinimumVisualStudioVersion = 10.0.40219.1
Project("{2150E333-8FDC-42A3-9474-1A3956D46DE8}") = "server", "server", "{87990673-CAED-476E-BCDA-E9EC4D11EB52}"
EndProject
Project("{FAE04EC0-301F-11D3-BF4B-00C04F79EFBC}") = "PcSante.LicenseServer", "server\PcSante.LicenseServer\PcSante.LicenseServer.csproj", "{A100E437-E9E4-4942-99C5-B77776A41394}"
EndProject
Project("{2150E333-8FDC-42A3-9474-1A3956D46DE8}") = "src", "src", "{24F95DAC-2D1A-4213-BCCA-6A9A6E1ACEF9}"
EndProject
Project("{FAE04EC0-301F-11D3-BF4B-00C04F79EFBC}") = "PcSante.App", "src\PcSante.App\PcSante.App.csproj", "{4513D296-9FEC-49CA-A077-DC7F19204092}"
EndProject
Project("{FAE04EC0-301F-11D3-BF4B-00C04F79EFBC}") = "PcSante.Core", "src\PcSante.Core\PcSante.Core.csproj", "{BF5CC885-35D1-460E-A9EE-E9ED352401C3}"
EndProject
Project("{FAE04EC0-301F-11D3-BF4B-00C04F79EFBC}") = "PcSante.Ipc", "src\PcSante.Ipc\PcSante.Ipc.csproj", "{535B873F-6356-40B0-97CB-C95480C6FB3F}"
EndProject
Project("{FAE04EC0-301F-11D3-BF4B-00C04F79EFBC}") = "PcSante.Licensing", "src\PcSante.Licensing\PcSante.Licensing.csproj", "{8F5F4A2D-D98C-4FB4-956C-C4127D575400}"
EndProject
Project("{FAE04EC0-301F-11D3-BF4B-00C04F79EFBC}") = "PcSante.Overlay", "src\PcSante.Overlay\PcSante.Overlay.csproj", "{BFDBA2C8-97F2-4306-BE13-69D111179B63}"
EndProject
Project("{FAE04EC0-301F-11D3-BF4B-00C04F79EFBC}") = "PcSante.Reporting", "src\PcSante.Reporting\PcSante.Reporting.csproj", "{5F3DFF4A-97CA-4B68-A230-3AF2CD466932}"
EndProject
Project("{FAE04EC0-301F-11D3-BF4B-00C04F79EFBC}") = "PcSante.Service", "src\PcSante.Service\PcSante.Service.csproj", "{D6DD7FAE-875F-4A3D-951E-F3C9B6966E8F}"
EndProject
Project("{FAE04EC0-301F-11D3-BF4B-00C04F79EFBC}") = "PcSante.WindowsApi", "src\PcSante.WindowsApi\PcSante.WindowsApi.csproj", "{E0C910D4-00EC-4D7B-B169-C08D38F7CD7A}"
EndProject
Project("{2150E333-8FDC-42A3-9474-1A3956D46DE8}") = "tests", "tests", "{07EA862A-0EC3-4E35-AA25-594C50A32BE2}"
EndProject
Project("{FAE04EC0-301F-11D3-BF4B-00C04F79EFBC}") = "PcSante.App.Tests", "tests\PcSante.App.Tests\PcSante.App.Tests.csproj", "{C84B588E-2A71-4A7D-979B-0D959DEFE416}"
EndProject
Project("{FAE04EC0-301F-11D3-BF4B-00C04F79EFBC}") = "PcSante.Core.Tests", "tests\PcSante.Core.Tests\PcSante.Core.Tests.csproj", "{6D4A1AB8-4DA3-4CC2-A9F0-50B724C45B22}"
EndProject
Project("{FAE04EC0-301F-11D3-BF4B-00C04F79EFBC}") = "PcSante.Ipc.Tests", "tests\PcSante.Ipc.Tests\PcSante.Ipc.Tests.csproj", "{0268000F-2CC8-405F-A9C9-F3B6F4B29BC1}"
EndProject
Project("{FAE04EC0-301F-11D3-BF4B-00C04F79EFBC}") = "PcSante.LicenseServer.Tests", "tests\PcSante.LicenseServer.Tests\PcSante.LicenseServer.Tests.csproj", "{68747EDE-360E-4B93-A9D9-D6F5A02A3F76}"
EndProject
Project("{FAE04EC0-301F-11D3-BF4B-00C04F79EFBC}") = "PcSante.Licensing.Tests", "tests\PcSante.Licensing.Tests\PcSante.Licensing.Tests.csproj", "{B6625522-2532-4A31-B62F-51740F827605}"
EndProject
Project("{FAE04EC0-301F-11D3-BF4B-00C04F79EFBC}") = "PcSante.Reporting.Tests", "tests\PcSante.Reporting.Tests\PcSante.Reporting.Tests.csproj", "{CD72F3BB-52BE-4481-8695-C0508B68CBCF}"
EndProject
Project("{FAE04EC0-301F-11D3-BF4B-00C04F79EFBC}") = "PcSante.Service.Tests", "tests\PcSante.Service.Tests\PcSante.Service.Tests.csproj", "{0F4AF0E6-77F4-426D-9876-B6CF2F1B80EC}"
EndProject
Global
	GlobalSection(SolutionConfigurationPlatforms) = preSolution
		Debug|Any CPU = Debug|Any CPU
		Release|Any CPU = Release|Any CPU
	EndGlobalSection
	GlobalSection(SolutionProperties) = preSolution
		HideSolutionNode = FALSE
	EndGlobalSection
	GlobalSection(ProjectConfigurationPlatforms) = postSolution
		{A100E437-E9E4-4942-99C5-B77776A41394}.Debug|Any CPU.ActiveCfg = Debug|Any CPU
		{A100E437-E9E4-4942-99C5-B77776A41394}.Debug|Any CPU.Build.0 = Debug|Any CPU
		{A100E437-E9E4-4942-99C5-B77776A41394}.Release|Any CPU.ActiveCfg = Release|Any CPU
		{A100E437-E9E4-4942-99C5-B77776A41394}.Release|Any CPU.Build.0 = Release|Any CPU
		{4513D296-9FEC-49CA-A077-DC7F19204092}.Debug|Any CPU.ActiveCfg = Debug|Any CPU
		{4513D296-9FEC-49CA-A077-DC7F19204092}.Debug|Any CPU.Build.0 = Debug|Any CPU
		{4513D296-9FEC-49CA-A077-DC7F19204092}.Release|Any CPU.ActiveCfg = Release|Any CPU
		{4513D296-9FEC-49CA-A077-DC7F19204092}.Release|Any CPU.Build.0 = Release|Any CPU
		{BF5CC885-35D1-460E-A9EE-E9ED352401C3}.Debug|Any CPU.ActiveCfg = Debug|Any CPU
		{BF5CC885-35D1-460E-A9EE-E9ED352401C3}.Debug|Any CPU.Build.0 = Debug|Any CPU
		{BF5CC885-35D1-460E-A9EE-E9ED352401C3}.Release|Any CPU.ActiveCfg = Release|Any CPU
		{BF5CC885-35D1-460E-A9EE-E9ED352401C3}.Release|Any CPU.Build.0 = Release|Any CPU
		{535B873F-6356-40B0-97CB-C95480C6FB3F}.Debug|Any CPU.ActiveCfg = Debug|Any CPU
		{535B873F-6356-40B0-97CB-C95480C6FB3F}.Debug|Any CPU.Build.0 = Debug|Any CPU
		{535B873F-6356-40B0-97CB-C95480C6FB3F}.Release|Any CPU.ActiveCfg = Release|Any CPU
		{535B873F-6356-40B0-97CB-C95480C6FB3F}.Release|Any CPU.Build.0 = Release|Any CPU
		{8F5F4A2D-D98C-4FB4-956C-C4127D575400}.Debug|Any CPU.ActiveCfg = Debug|Any CPU
		{8F5F4A2D-D98C-4FB4-956C-C4127D575400}.Debug|Any CPU.Build.0 = Debug|Any CPU
		{8F5F4A2D-D98C-4FB4-956C-C4127D575400}.Release|Any CPU.ActiveCfg = Release|Any CPU
		{8F5F4A2D-D98C-4FB4-956C-C4127D575400}.Release|Any CPU.Build.0 = Release|Any CPU
		{BFDBA2C8-97F2-4306-BE13-69D111179B63}.Debug|Any CPU.ActiveCfg = Debug|Any CPU
		{BFDBA2C8-97F2-4306-BE13-69D111179B63}.Debug|Any CPU.Build.0 = Debug|Any CPU
		{BFDBA2C8-97F2-4306-BE13-69D111179B63}.Release|Any CPU.ActiveCfg = Release|Any CPU
		{BFDBA2C8-97F2-4306-BE13-69D111179B63}.Release|Any CPU.Build.0 = Release|Any CPU
		{5F3DFF4A-97CA-4B68-A230-3AF2CD466932}.Debug|Any CPU.ActiveCfg = Debug|Any CPU
		{5F3DFF4A-97CA-4B68-A230-3AF2CD466932}.Debug|Any CPU.Build.0 = Debug|Any CPU
		{5F3DFF4A-97CA-4B68-A230-3AF2CD466932}.Release|Any CPU.ActiveCfg = Release|Any CPU
		{5F3DFF4A-97CA-4B68-A230-3AF2CD466932}.Release|Any CPU.Build.0 = Release|Any CPU
		{D6DD7FAE-875F-4A3D-951E-F3C9B6966E8F}.Debug|Any CPU.ActiveCfg = Debug|Any CPU
		{D6DD7FAE-875F-4A3D-951E-F3C9B6966E8F}.Debug|Any CPU.Build.0 = Debug|Any CPU
		{D6DD7FAE-875F-4A3D-951E-F3C9B6966E8F}.Release|Any CPU.ActiveCfg = Release|Any CPU
		{D6DD7FAE-875F-4A3D-951E-F3C9B6966E8F}.Release|Any CPU.Build.0 = Release|Any CPU
		{E0C910D4-00EC-4D7B-B169-C08D38F7CD7A}.Debug|Any CPU.ActiveCfg = Debug|Any CPU
		{E0C910D4-00EC-4D7B-B169-C08D38F7CD7A}.Debug|Any CPU.Build.0 = Debug|Any CPU
		{E0C910D4-00EC-4D7B-B169-C08D38F7CD7A}.Release|Any CPU.ActiveCfg = Release|Any CPU
		{E0C910D4-00EC-4D7B-B169-C08D38F7CD7A}.Release|Any CPU.Build.0 = Release|Any CPU
		{C84B588E-2A71-4A7D-979B-0D959DEFE416}.Debug|Any CPU.ActiveCfg = Debug|Any CPU
		{C84B588E-2A71-4A7D-979B-0D959DEFE416}.Debug|Any CPU.Build.0 = Debug|Any CPU
		{C84B588E-2A71-4A7D-979B-0D959DEFE416}.Release|Any CPU.ActiveCfg = Release|Any CPU
		{C84B588E-2A71-4A7D-979B-0D959DEFE416}.Release|Any CPU.Build.0 = Release|Any CPU
		{6D4A1AB8-4DA3-4CC2-A9F0-50B724C45B22}.Debug|Any CPU.ActiveCfg = Debug|Any CPU
		{6D4A1AB8-4DA3-4CC2-A9F0-50B724C45B22}.Debug|Any CPU.Build.0 = Debug|Any CPU
		{6D4A1AB8-4DA3-4CC2-A9F0-50B724C45B22}.Release|Any CPU.ActiveCfg = Release|Any CPU
		{6D4A1AB8-4DA3-4CC2-A9F0-50B724C45B22}.Release|Any CPU.Build.0 = Release|Any CPU
		{0268000F-2CC8-405F-A9C9-F3B6F4B29BC1}.Debug|Any CPU.ActiveCfg = Debug|Any CPU
		{0268000F-2CC8-405F-A9C9-F3B6F4B29BC1}.Debug|Any CPU.Build.0 = Debug|Any CPU
		{0268000F-2CC8-405F-A9C9-F3B6F4B29BC1}.Release|Any CPU.ActiveCfg = Release|Any CPU
		{0268000F-2CC8-405F-A9C9-F3B6F4B29BC1}.Release|Any CPU.Build.0 = Release|Any CPU
		{68747EDE-360E-4B93-A9D9-D6F5A02A3F76}.Debug|Any CPU.ActiveCfg = Debug|Any CPU
		{68747EDE-360E-4B93-A9D9-D6F5A02A3F76}.Debug|Any CPU.Build.0 = Debug|Any CPU
		{68747EDE-360E-4B93-A9D9-D6F5A02A3F76}.Release|Any CPU.ActiveCfg = Release|Any CPU
		{68747EDE-360E-4B93-A9D9-D6F5A02A3F76}.Release|Any CPU.Build.0 = Release|Any CPU
		{B6625522-2532-4A31-B62F-51740F827605}.Debug|Any CPU.ActiveCfg = Debug|Any CPU
		{B6625522-2532-4A31-B62F-51740F827605}.Debug|Any CPU.Build.0 = Debug|Any CPU
		{B6625522-2532-4A31-B62F-51740F827605}.Release|Any CPU.ActiveCfg = Release|Any CPU
		{B6625522-2532-4A31-B62F-51740F827605}.Release|Any CPU.Build.0 = Release|Any CPU
		{CD72F3BB-52BE-4481-8695-C0508B68CBCF}.Debug|Any CPU.ActiveCfg = Debug|Any CPU
		{CD72F3BB-52BE-4481-8695-C0508B68CBCF}.Debug|Any CPU.Build.0 = Debug|Any CPU
		{CD72F3BB-52BE-4481-8695-C0508B68CBCF}.Release|Any CPU.ActiveCfg = Release|Any CPU
		{CD72F3BB-52BE-4481-8695-C0508B68CBCF}.Release|Any CPU.Build.0 = Release|Any CPU
		{0F4AF0E6-77F4-426D-9876-B6CF2F1B80EC}.Debug|Any CPU.ActiveCfg = Debug|Any CPU
		{0F4AF0E6-77F4-426D-9876-B6CF2F1B80EC}.Debug|Any CPU.Build.0 = Debug|Any CPU
		{0F4AF0E6-77F4-426D-9876-B6CF2F1B80EC}.Release|Any CPU.ActiveCfg = Release|Any CPU
		{0F4AF0E6-77F4-426D-9876-B6CF2F1B80EC}.Release|Any CPU.Build.0 = Release|Any CPU
	EndGlobalSection
	GlobalSection(NestedProjects) = preSolution
		{A100E437-E9E4-4942-99C5-B77776A41394} = {87990673-CAED-476E-BCDA-E9EC4D11EB52}
		{4513D296-9FEC-49CA-A077-DC7F19204092} = {24F95DAC-2D1A-4213-BCCA-6A9A6E1ACEF9}
		{BF5CC885-35D1-460E-A9EE-E9ED352401C3} = {24F95DAC-2D1A-4213-BCCA-6A9A6E1ACEF9}
		{535B873F-6356-40B0-97CB-C95480C6FB3F} = {24F95DAC-2D1A-4213-BCCA-6A9A6E1ACEF9}
		{8F5F4A2D-D98C-4FB4-956C-C4127D575400} = {24F95DAC-2D1A-4213-BCCA-6A9A6E1ACEF9}
		{BFDBA2C8-97F2-4306-BE13-69D111179B63} = {24F95DAC-2D1A-4213-BCCA-6A9A6E1ACEF9}
		{5F3DFF4A-97CA-4B68-A230-3AF2CD466932} = {24F95DAC-2D1A-4213-BCCA-6A9A6E1ACEF9}
		{D6DD7FAE-875F-4A3D-951E-F3C9B6966E8F} = {24F95DAC-2D1A-4213-BCCA-6A9A6E1ACEF9}
		{E0C910D4-00EC-4D7B-B169-C08D38F7CD7A} = {24F95DAC-2D1A-4213-BCCA-6A9A6E1ACEF9}
		{C84B588E-2A71-4A7D-979B-0D959DEFE416} = {07EA862A-0EC3-4E35-AA25-594C50A32BE2}
		{6D4A1AB8-4DA3-4CC2-A9F0-50B724C45B22} = {07EA862A-0EC3-4E35-AA25-594C50A32BE2}
		{0268000F-2CC8-405F-A9C9-F3B6F4B29BC1} = {07EA862A-0EC3-4E35-AA25-594C50A32BE2}
		{68747EDE-360E-4B93-A9D9-D6F5A02A3F76} = {07EA862A-0EC3-4E35-AA25-594C50A32BE2}
		{B6625522-2532-4A31-B62F-51740F827605} = {07EA862A-0EC3-4E35-AA25-594C50A32BE2}
		{CD72F3BB-52BE-4481-8695-C0508B68CBCF} = {07EA862A-0EC3-4E35-AA25-594C50A32BE2}
		{0F4AF0E6-77F4-426D-9876-B6CF2F1B80EC} = {07EA862A-0EC3-4E35-AA25-594C50A32BE2}
	EndGlobalSection
EndGlobal
